
Microsoft Visual Studio Solution File, Format Version 12.00
# Visual Studio Version 16
VisualStudioVersion = 16.0.31729.503
MinimumVisualStudioVersion = 10.0.40219.1
Project("{FAE04EC0-301F-11D3-BF4B-00C04F79EFBC}") = "Devm items editor", "Devm items editor.csproj", "{849E96B5-17D8-4716-B4CC-3F5C9C1D1432}"
EndProject
Global
	GlobalSection(SolutionConfigurationPlatforms) = preSolution
		Debug|Any CPU = Debug|Any CPU
		Release|Any CPU = Release|Any CPU
	EndGlobalSection
	GlobalSection(ProjectConfigurationPlatforms) = postSolution
		{849E96B5-17D8-4716-B4CC-3F5C9C1D1432}.Debug|Any CPU.ActiveCfg = Debug|Any CPU
		{849E96B5-17D8-4716-B4CC-3F5C9C1D1432}.Debug|Any CPU.Build.0 = Debug|Any CPU
		{849E96B5-17D8-4716-B4CC-3F5C9C1D1432}.Release|Any CPU.ActiveCfg = Release|Any CPU
		{849E96B5-17D8-4716-B4CC-3F5C9C1D1432}.Release|Any CPU.Build.0 = Release|Any CPU
	EndGlobalSection
	GlobalSection(SolutionProperties) = preSolution
		HideSolutionNode = FALSE
	EndGlobalSection
	GlobalSection(ExtensibilityGlobals) = postSolution
		SolutionGuid = {B4947687-3045-401C-A658-781C8FD7691C}
	EndGlobalSection
EndGlobal
